// !$*UTF8*$!
{
	archiveVersion = 1;
	classes = {
	};
	objectVersion = 46;
	objects = {

/* Begin PBXBuildFile section */
		646750571F63A3F9003B890D /* AppDelegate.swift in Sources */ = {isa = PBXBuildFile; fileRef = 646750561F63A3F9003B890D /* AppDelegate.swift */; };
		646750591F63A3F9003B890D /* ViewController.swift in Sources */ = {isa = PBXBuildFile; fileRef = 646750581F63A3F9003B890D /* ViewController.swift */; };
		6467505C1F63A3F9003B890D /* Main.storyboard in Resources */ = {isa = PBXBuildFile; fileRef = 6467505A1F63A3F9003B890D /* Main.storyboard */; };
		6467505E1F63A3F9003B890D /* Assets.xcassets in Resources */ = {isa = PBXBuildFile; fileRef = 6467505D1F63A3F9003B890D /* Assets.xcassets */; };
		646750611F63A3F9003B890D /* LaunchScreen.storyboard in Resources */ = {isa = PBXBuildFile; fileRef = 6467505F1F63A3F9003B890D /* LaunchScreen.storyboard */; };
		6467506C1F63A3F9003B890D /* FoodTrackerTests.swift in Sources */ = {isa = PBXBuildFile; fileRef = 6467506B1F63A3F9003B890D /* FoodTrackerTests.swift */; };
		646750771F63C041003B890D /* RatingControl.swift in Sources */ = {isa = PBXBuildFile; fileRef = 646750761F63C040003B890D /* RatingControl.swift */; };
		646750791F64F4FF003B890D /* Meal.swift in Sources */ = {isa = PBXBuildFile; fileRef = 646750781F64F4FF003B890D /* Meal.swift */; };
/* End PBXBuildFile section */

/* Begin PBXContainerItemProxy section */
		646750681F63A3F9003B890D /* PBXContainerItemProxy */ = {
			isa = PBXContainerItemProxy;
			containerPortal = 6467504B1F63A3F8003B890D /* Project object */;
			proxyType = 1;
			remoteGlobalIDString = 646750521F63A3F8003B890D;
			remoteInfo = FoodTracker;
		};
/* End PBXContainerItemProxy section */

/* Begin PBXFileReference section */
		646750531F63A3F9003B890D /* FoodTracker.app */ = {isa = PBXFileReference; explicitFileType = wrapper.application; includeInIndex = 0; path = FoodTracker.app; sourceTree = BUILT_PRODUCTS_DIR; };
		646750561F63A3F9003B890D /* AppDelegate.swift */ = {isa = PBXFileReference; lastKnownFileType = sourcecode.swift; path = AppDelegate.swift; sourceTree = "<group>"; };
		646750581F63A3F9003B890D /* ViewController.swift */ = {isa = PBXFileReference; lastKnownFileType = sourcecode.swift; path = ViewController.swift; sourceTree = "<group>"; };
		6467505B1F63A3F9003B890D /* Base */ = {isa = PBXFileReference; lastKnownFileType = file.storyboard; name = Base; path = Base.lproj/Main.storyboard; sourceTree = "<group>"; };
		6467505D1F63A3F9003B890D /* Assets.xcassets */ = {isa = PBXFileReference; lastKnownFileType = folder.assetcatalog; path = Assets.xcassets; sourceTree = "<group>"; };
		646750601F63A3F9003B890D /* Base */ = {isa = PBXFileReference; lastKnownFileType = file.storyboard; name = Base; path = Base.lproj/LaunchScreen.storyboard; sourceTree = "<group>"; };
		646750621F63A3F9003B890D /* Info.plist */ = {isa = PBXFileReference; lastKnownFileType = text.plist.xml; path = Info.plist; sourceTree = "<group>"; };
		646750671F63A3F9003B890D /* FoodTrackerTests.xctest */ = {isa = PBXFileReference; explicitFileType = wrapper.cfbundle; includeInIndex = 0; path = FoodTrackerTests.xctest; sourceTree = BUILT_PRODUCTS_DIR; };
		6467506B1F63A3F9003B890D /* FoodTrackerTests.swift */ = {isa = PBXFileReference; lastKnownFileType = sourcecode.swift; path = FoodTrackerTests.swift; sourceTree = "<group>"; };
		6467506D1F63A3F9003B890D /* Info.plist */ = {isa = PBXFileReference; lastKnownFileType = text.plist.xml; path = Info.plist; sourceTree = "<group>"; };
		646750761F63C040003B890D /* RatingControl.swift */ = {isa = PBXFileReference; fileEncoding = 4; lastKnownFileType = sourcecode.swift; path = RatingControl.swift; sourceTree = "<group>"; };
		646750781F64F4FF003B890D /* Meal.swift */ = {isa = PBXFileReference; fileEncoding = 4; lastKnownFileType = sourcecode.swift; path = Meal.swift; sourceTree = "<group>"; };
/* End PBXFileReference section */

/* Begin PBXFrameworksBuildPhase section */
		646750501F63A3F8003B890D /* Frameworks */ = {
			isa = PBXFrameworksBuildPhase;
			buildActionMask = 2147483647;
			files = (
			);
			runOnlyForDeploymentPostprocessing = 0;
		};
		646750641F63A3F9003B890D /* Frameworks */ = {
			isa = PBXFrameworksBuildPhase;
			buildActionMask = 2147483647;
			files = (
			);
			runOnlyForDeploymentPostprocessing = 0;
		};
/* End PBXFrameworksBuildPhase section */

/* Begin PBXGroup section */
		6467504A1F63A3F8003B890D = {
			isa = PBXGroup;
			children = (
				646750551F63A3F9003B890D /* FoodTracker */,
				6467506A1F63A3F9003B890D /* FoodTrackerTests */,
				646750541F63A3F9003B890D /* Products */,
			);
			sourceTree = "<group>";
		};
		646750541F63A3F9003B890D /* Products */ = {
			isa = PBXGroup;
			children = (
				646750531F63A3F9003B890D /* FoodTracker.app */,
				646750671F63A3F9003B890D /* FoodTrackerTests.xctest */,
			);
			name = Products;
			sourceTree = "<group>";
		};
		646750551F63A3F9003B890D /* FoodTracker */ = {
			isa = PBXGroup;
			children = (
				646750561F63A3F9003B890D /* AppDelegate.swift */,
				646750581F63A3F9003B890D /* ViewController.swift */,
				646750761F63C040003B890D /* RatingControl.swift */,
				646750781F64F4FF003B890D /* Meal.swift */,
				6467505A1F63A3F9003B890D /* Main.storyboard */,
				6467505D1F63A3F9003B890D /* Assets.xcassets */,
				6467505F1F63A3F9003B890D /* LaunchScreen.storyboard */,
				646750621F63A3F9003B890D /* Info.plist */,
			);
			path = FoodTracker;
			sourceTree = "<group>";
		};
		6467506A1F63A3F9003B890D /* FoodTrackerTests */ = {
			isa = PBXGroup;
			children = (
				6467506B1F63A3F9003B890D /* FoodTrackerTests.swift */,
				6467506D1F63A3F9003B890D /* Info.plist */,
			);
			path = FoodTrackerTests;
			sourceTree = "<group>";
		};
/* End PBXGroup section */

/* Begin PBXNativeTarget section */
		646750521F63A3F8003B890D /* FoodTracker */ = {
			isa = PBXNativeTarget;
			buildConfigurationList = 646750701F63A3F9003B890D /* Build configuration list for PBXNativeTarget "FoodTracker" */;
			buildPhases = (
				6467504F1F63A3F8003B890D /* Sources */,
				646750501F63A3F8003B890D /* Frameworks */,
				646750511F63A3F8003B890D /* Resources */,
			);
			buildRules = (
			);
			dependencies = (
			);
			name = FoodTracker;
			productName = FoodTracker;
			productReference = 646750531F63A3F9003B890D /* FoodTracker.app */;
			productType = "com.apple.product-type.application";
		};
		646750661F63A3F9003B890D /* FoodTrackerTests */ = {
			isa = PBXNativeTarget;
			buildConfigurationList = 646750731F63A3F9003B890D /* Build configuration list for PBXNativeTarget "FoodTrackerTests" */;
			buildPhases = (
				646750631F63A3F9003B890D /* Sources */,
				646750641F63A3F9003B890D /* Frameworks */,
				646750651F63A3F9003B890D /* Resources */,
			);
			buildRules = (
			);
			dependencies = (
				646750691F63A3F9003B890D /* PBXTargetDependency */,
			);
			name = FoodTrackerTests;
			productName = FoodTrackerTests;
			productReference = 646750671F63A3F9003B890D /* FoodTrackerTests.xctest */;
			productType = "com.apple.product-type.bundle.unit-test";
		};
/* End PBXNativeTarget section */

/* Begin PBXProject section */
		6467504B1F63A3F8003B890D /* Project object */ = {
			isa = PBXProject;
			attributes = {
				LastSwiftUpdateCheck = 0830;
				LastUpgradeCheck = 0830;
				ORGANIZATIONNAME = "Eric Tien Chu";
				TargetAttributes = {
					646750521F63A3F8003B890D = {
						CreatedOnToolsVersion = 8.3.3;
						ProvisioningStyle = Automatic;
					};
					646750661F63A3F9003B890D = {
						CreatedOnToolsVersion = 8.3.3;
						ProvisioningStyle = Automatic;
						TestTargetID = 646750521F63A3F8003B890D;
					};
				};
			};
			buildConfigurationList = 6467504E1F63A3F8003B890D /* Build configuration list for PBXProject "FoodTracker" */;
			compatibilityVersion = "Xcode 3.2";
			developmentRegion = English;
			hasScannedForEncodings = 0;
			knownRegions = (
				en,
				Base,
			);
			mainGroup = 6467504A1F63A3F8003B890D;
			productRefGroup = 646750541F63A3F9003B890D /* Products */;
			projectDirPath = "";
			projectRoot = "";
			targets = (
				646750521F63A3F8003B890D /* FoodTracker */,
				646750661F63A3F9003B890D /* FoodTrackerTests */,
			);
		};
/* End PBXProject section */

/* Begin PBXResourcesBuildPhase section */
		646750511F63A3F8003B890D /* Resources */ = {
			isa = PBXResourcesBuildPhase;
			buildActionMask = 2147483647;
			files = (
				646750611F63A3F9003B890D /* LaunchScreen.storyboard in Resources */,
				6467505E1F63A3F9003B890D /* Assets.xcassets in Resources */,
				6467505C1F63A3F9003B890D /* Main.storyboard in Resources */,
			);
			runOnlyForDeploymentPostprocessing = 0;
		};
		646750651F63A3F9003B890D /* Resources */ = {
			isa = PBXResourcesBuildPhase;
			buildActionMask = 2147483647;
			files = (
			);
			runOnlyForDeploymentPostprocessing = 0;
		};
/* End PBXResourcesBuildPhase section */

/* Begin PBXSourcesBuildPhase section */
		6467504F1F63A3F8003B890D /* Sources */ = {
			isa = PBXSourcesBuildPhase;
			buildActionMask = 2147483647;
			files = (
				646750791F64F4FF003B890D /* Meal.swift in Sources */,
				646750591F63A3F9003B890D /* ViewController.swift in Sources */,
				646750771F63C041003B890D /* RatingControl.swift in Sources */,
				646750571F63A3F9003B890D /* AppDelegate.swift in Sources */,
			);
			runOnlyForDeploymentPostprocessing = 0;
		};
		646750631F63A3F9003B890D /* Sources */ = {
			isa = PBXSourcesBuildPhase;
			buildActionMask = 2147483647;
			files = (
				6467506C1F63A3F9003B890D /* FoodTrackerTests.swift in Sources */,
			);
			runOnlyForDeploymentPostprocessing = 0;
		};
/* End PBXSourcesBuildPhase section */

/* Begin PBXTargetDependency section */
		646750691F63A3F9003B890D /* PBXTargetDependency */ = {
			isa = PBXTargetDependency;
			target = 646750521F63A3F8003B890D /* FoodTracker */;
			targetProxy = 646750681F63A3F9003B890D /* PBXContainerItemProxy */;
		};
/* End PBXTargetDependency section */

/* Begin PBXVariantGroup section */
		6467505A1F63A3F9003B890D /* Main.storyboard */ = {
			isa = PBXVariantGroup;
			children = (
				6467505B1F63A3F9003B890D /* Base */,
			);
			name = Main.storyboard;
			sourceTree = "<group>";
		};
		6467505F1F63A3F9003B890D /* LaunchScreen.storyboard */ = {
			isa = PBXVariantGroup;
			children = (
				646750601F63A3F9003B890D /* Base */,
			);
			name = LaunchScreen.storyboard;
			sourceTree = "<group>";
		};
/* End PBXVariantGroup section */

/* Begin XCBuildConfiguration section */
		6467506E1F63A3F9003B890D /* Debug */ = {
			isa = XCBuildConfiguration;
			buildSettings = {
				ALWAYS_SEARCH_USER_PATHS = NO;
				CLANG_ANALYZER_NONNULL = YES;
				CLANG_ANALYZER_NUMBER_OBJECT_CONVERSION = YES_AGGRESSIVE;
				CLANG_CXX_LANGUAGE_STANDARD = "gnu++0x";
				CLANG_CXX_LIBRARY = "libc++";
				CLANG_ENABLE_MODULES = YES;
				CLANG_ENABLE_OBJC_ARC = YES;
				CLANG_WARN_BOOL_CONVERSION = YES;
				CLANG_WARN_CONSTANT_CONVERSION = YES;
				CLANG_WARN_DIRECT_OBJC_ISA_USAGE = YES_ERROR;
				CLANG_WARN_DOCUMENTATION_COMMENTS = YES;
				CLANG_WARN_EMPTY_BODY = YES;
				CLANG_WARN_ENUM_CONVERSION = YES;
				CLANG_WARN_INFINITE_RECURSION = YES;
				CLANG_WARN_INT_CONVERSION = YES;
				CLANG_WARN_OBJC_ROOT_CLASS = YES_ERROR;
				CLANG_WARN_SUSPICIOUS_MOVE = YES;
				CLANG_WARN_UNREACHABLE_CODE = YES;
				CLANG_WARN__DUPLICATE_METHOD_MATCH = YES;
				"CODE_SIGN_IDENTITY[sdk=iphoneos*]" = "iPhone Developer";
				COPY_PHASE_STRIP = NO;
				DEBUG_INFORMATION_FORMAT = dwarf;
				ENABLE_STRICT_OBJC_MSGSEND = YES;
				ENABLE_TESTABILITY = YES;
				GCC_C_LANGUAGE_STANDARD = gnu99;
				GCC_DYNAMIC_NO_PIC = NO;
				GCC_NO_COMMON_BLOCKS = YES;
				GCC_OPTIMIZATION_LEVEL = 0;
				GCC_PREPROCESSOR_DEFINITIONS = (
					"DEBUG=1",
					"$(inherited)",
				);
				GCC_WARN_64_TO_32_BIT_CONVERSION = YES;
				GCC_WARN_ABOUT_RETURN_TYPE = YES_ERROR;
				GCC_WARN_UNDECLARED_SELECTOR = YES;
				GCC_WARN_UNINITIALIZED_AUTOS = YES_AGGRESSIVE;
				GCC_WARN_UNUSED_FUNCTION = YES;
				GCC_WARN_UNUSED_VARIABLE = YES;
				IPHONEOS_DEPLOYMENT_TARGET = 10.3;
				MTL_ENABLE_DEBUG_INFO = YES;
				ONLY_ACTIVE_ARCH = YES;
				SDKROOT = iphoneos;
				SWIFT_ACTIVE_COMPILATION_CONDITIONS = DEBUG;
				SWIFT_OPTIMIZATION_LEVEL = "-Onone";
				TARGETED_DEVICE_FAMILY = "1,2";
			};
			name = Debug;
		};
		6467506F1F63A3F9003B890D /* Release */ = {
			isa = XCBuildConfiguration;
			buildSettings = {
				ALWAYS_SEARCH_USER_PATHS = NO;
				CLANG_ANALYZER_NONNULL = YES;
				CLANG_ANALYZER_NUMBER_OBJECT_CONVERSION = YES_AGGRESSIVE;
				CLANG_CXX_LANGUAGE_STANDARD = "gnu++0x";
				CLANG_CXX_LIBRARY = "libc++";
				CLANG_ENABLE_MODULES = YES;
				CLANG_ENABLE_OBJC_ARC = YES;
				CLANG_WARN_BOOL_CONVERSION = YES;
				CLANG_WARN_CONSTANT_CONVERSION = YES;
				CLANG_WARN_DIRECT_OBJC_ISA_USAGE = YES_ERROR;
				CLANG_WARN_DOCUMENTATION_COMMENTS = YES;
				CLANG_WARN_EMPTY_BODY = YES;
				CLANG_WARN_ENUM_CONVERSION = YES;
				CLANG_WARN_INFINITE_RECURSION = YES;
				CLANG_WARN_INT_CONVERSION = YES;
				CLANG_WARN_OBJC_ROOT_CLASS = YES_ERROR;
				CLANG_WARN_SUSPICIOUS_MOVE = YES;
				CLANG_WARN_UNREACHABLE_CODE = YES;
				CLANG_WARN__DUPLICATE_METHOD_MATCH = YES;
				"CODE_SIGN_IDENTITY[sdk=iphoneos*]" = "iPhone Developer";
				COPY_PHASE_STRIP = NO;
				DEBUG_INFORMATION_FORMAT = "dwarf-with-dsym";
				ENABLE_NS_ASSERTIONS = NO;
				ENABLE_STRICT_OBJC_MSGSEND = YES;
				GCC_C_LANGUAGE_STANDARD = gnu99;
				GCC_NO_COMMON_BLOCKS = YES;
				GCC_WARN_64_TO_32_BIT_CONVERSION = YES;
				GCC_WARN_ABOUT_RETURN_TYPE = YES_ERROR;
				GCC_WARN_UNDECLARED_SELECTOR = YES;
				GCC_WARN_UNINITIALIZED_AUTOS = YES_AGGRESSIVE;
				GCC_WARN_UNUSED_FUNCTION = YES;
				GCC_WARN_UNUSED_VARIABLE = YES;
				IPHONEOS_DEPLOYMENT_TARGET = 10.3;
				MTL_ENABLE_DEBUG_INFO = NO;
				SDKROOT = iphoneos;
				SWIFT_OPTIMIZATION_LEVEL = "-Owholemodule";
				TARGETED_DEVICE_FAMILY = "1,2";
				VALIDATE_PRODUCT = YES;
			};
			name = Release;
		};
		646750711F63A3F9003B890D /* Debug */ = {
			isa = XCBuildConfiguration;
			buildSettings = {
				ASSETCATALOG_COMPILER_APPICON_NAME = AppIcon;
				INFOPLIST_FILE = FoodTracker/Info.plist;
				LD_RUNPATH_SEARCH_PATHS = "$(inherited) @executable_path/Frameworks";
				PRODUCT_BUNDLE_IDENTIFIER = com.example.FoodTracker;
				PRODUCT_NAME = "$(TARGET_NAME)";
				SWIFT_VERSION = 3.0;
			};
			name = Debug;
		};
		646750721F63A3F9003B890D /* Release */ = {
			isa = XCBuildConfiguration;
			buildSettings = {
				ASSETCATALOG_COMPILER_APPICON_NAME = AppIcon;
				INFOPLIST_FILE = FoodTracker/Info.plist;
				LD_RUNPATH_SEARCH_PATHS = "$(inherited) @executable_path/Frameworks";
				PRODUCT_BUNDLE_IDENTIFIER = com.example.FoodTracker;
				PRODUCT_NAME = "$(TARGET_NAME)";
				SWIFT_VERSION = 3.0;
			};
			name = Release;
		};
		646750741F63A3F9003B890D /* Debug */ = {
			isa = XCBuildConfiguration;
			buildSettings = {
				ALWAYS_EMBED_SWIFT_STANDARD_LIBRARIES = YES;
				BUNDLE_LOADER = "$(TEST_HOST)";
				INFOPLIST_FILE = FoodTrackerTests/Info.plist;
				LD_RUNPATH_SEARCH_PATHS = "$(inherited) @executable_path/Frameworks @loader_path/Frameworks";
				PRODUCT_BUNDLE_IDENTIFIER = com.example.FoodTrackerTests;
				PRODUCT_NAME = "$(TARGET_NAME)";
				SWIFT_VERSION = 3.0;
				TEST_HOST = "$(BUILT_PRODUCTS_DIR)/FoodTracker.app/FoodTracker";
			};
			name = Debug;
		};
		646750751F63A3F9003B890D /* Release */ = {
			isa = XCBuildConfiguration;
			buildSettings = {
				ALWAYS_EMBED_SWIFT_STANDARD_LIBRARIES = YES;
				BUNDLE_LOADER = "$(TEST_HOST)";
				INFOPLIST_FILE = FoodTrackerTests/Info.plist;
				LD_RUNPATH_SEARCH_PATHS = "$(inherited) @executable_path/Frameworks @loader_path/Frameworks";
				PRODUCT_BUNDLE_IDENTIFIER = com.example.FoodTrackerTests;
				PRODUCT_NAME = "$(TARGET_NAME)";
				SWIFT_VERSION = 3.0;
				TEST_HOST = "$(BUILT_PRODUCTS_DIR)/FoodTracker.app/FoodTracker";
			};
			name = Release;
		};
/* End XCBuildConfiguration section */

/* Begin XCConfigurationList section */
		6467504E1F63A3F8003B890D /* Build configuration list for PBXProject "FoodTracker" */ = {
			isa = XCConfigurationList;
			buildConfigurations = (
				6467506E1F63A3F9003B890D /* Debug */,
				6467506F1F63A3F9003B890D /* Release */,
			);
			defaultConfigurationIsVisible = 0;
			defaultConfigurationName = Release;
		};
		646750701F63A3F9003B890D /* Build configuration list for PBXNativeTarget "FoodTracker" */ = {
			isa = XCConfigurationList;
			buildConfigurations = (
				646750711F63A3F9003B890D /* Debug */,
				646750721F63A3F9003B890D /* Release */,
			);
			defaultConfigurationIsVisible = 0;
		};
		646750731F63A3F9003B890D /* Build configuration list for PBXNativeTarget "FoodTrackerTests" */ = {
			isa = XCConfigurationList;
			buildConfigurations = (
				646750741F63A3F9003B890D /* Debug */,
				646750751F63A3F9003B890D /* Release */,
			);
			defaultConfigurationIsVisible = 0;
		};
/* End XCConfigurationList section */
	};
	rootObject = 6467504B1F63A3F8003B890D /* Project object */;
}
